
Microsoft Visual Studio Solution File, Format Version 12.00
# Visual Studio Version 17
VisualStudioVersion = 17.5.002.0
MinimumVisualStudioVersion = 10.0.40219.1
Project("{9A19103F-16F7-4668-BE54-9A1E7A4F7556}") = "EventProducerConsumerSample", "src\EventProducerConsumerSample.csproj", "{78646B61-692F-4D3B-8EF0-6F5936F1CC68}"
EndProject
Global
	GlobalSection(SolutionConfigurationPlatforms) = preSolution
		Debug|Any CPU = Debug|Any CPU
		Release|Any CPU = Release|Any CPU
	EndGlobalSection
	GlobalSection(ProjectConfigurationPlatforms) = postSolution
		{78646B61-692F-4D3B-8EF0-6F5936F1CC68}.Debug|Any CPU.ActiveCfg = Debug|Any CPU
		{78646B61-692F-4D3B-8EF0-6F5936F1CC68}.Debug|Any CPU.Build.0 = Debug|Any CPU
		{78646B61-692F-4D3B-8EF0-6F5936F1CC68}.Release|Any CPU.ActiveCfg = Release|Any CPU
		{78646B61-692F-4D3B-8EF0-6F5936F1CC68}.Release|Any CPU.Build.0 = Release|Any CPU
	EndGlobalSection
	GlobalSection(SolutionProperties) = preSolution
		HideSolutionNode = FALSE
	EndGlobalSection
	GlobalSection(ExtensibilityGlobals) = postSolution
		SolutionGuid = {603BFC2E-6346-4804-828D-89F8447B2043}
	EndGlobalSection
EndGlobal
